
Microsoft Visual Studio Solution File, Format Version 12.00
# Visual Studio 15
VisualStudioVersion = 15.0.28307.438
MinimumVisualStudioVersion = 10.0.40219.1
Project("{8BC9CEB8-8B4A-11D0-8D11-00A0C91BC942}") = "Client", "Client\Client.vcxproj", "{E0D4E969-9BF1-40CB-BAD3-9D4F1DD84F89}"
EndProject
Global
	GlobalSection(SolutionConfigurationPlatforms) = preSolution
		Debug|x64 = Debug|x64
		Debug|x86 = Debug|x86
		Release|x64 = Release|x64
		Release|x86 = Release|x86
	EndGlobalSection
	GlobalSection(ProjectConfigurationPlatforms) = postSolution
		{E0D4E969-9BF1-40CB-BAD3-9D4F1DD84F89}.Debug|x64.ActiveCfg = Debug|x64
		{E0D4E969-9BF1-40CB-BAD3-9D4F1DD84F89}.Debug|x64.Build.0 = Debug|x64
		{E0D4E969-9BF1-40CB-BAD3-9D4F1DD84F89}.Debug|x86.ActiveCfg = Debug|Win32
		{E0D4E969-9BF1-40CB-BAD3-9D4F1DD84F89}.Debug|x86.Build.0 = Debug|Win32
		{E0D4E969-9BF1-40CB-BAD3-9D4F1DD84F89}.Release|x64.ActiveCfg = Release|x64
		{E0D4E969-9BF1-40CB-BAD3-9D4F1DD84F89}.Release|x64.Build.0 = Release|x64
		{E0D4E969-9BF1-40CB-BAD3-9D4F1DD84F89}.Release|x86.ActiveCfg = Release|Win32
		{E0D4E969-9BF1-40CB-BAD3-9D4F1DD84F89}.Release|x86.Build.0 = Release|Win32
	EndGlobalSection
	GlobalSection(SolutionProperties) = preSolution
		HideSolutionNode = FALSE
	EndGlobalSection
	GlobalSection(ExtensibilityGlobals) = postSolution
		SolutionGuid = {2CEEA2F5-3487-49CB-8602-8D8F7C6295EB}
	EndGlobalSection
EndGlobal
